
Microsoft Visual Studio Solution File, Format Version 12.00
# Visual Studio 15
VisualStudioVersion = 15.0.27004.2009
MinimumVisualStudioVersion = 10.0.40219.1
Project("{FAE04EC0-301F-11D3-BF4B-00C04F79EFBC}") = "GIP Programmeren", "GIP Programmeren\GIP Programmeren.csproj", "{39B66263-551B-4B30-AD7F-8756264FAACB}"
EndProject
Global
	GlobalSection(SolutionConfigurationPlatforms) = preSolution
		Debug|Any CPU = Debug|Any CPU
		Release|Any CPU = Release|Any CPU
	EndGlobalSection
	GlobalSection(ProjectConfigurationPlatforms) = postSolution
		{39B66263-551B-4B30-AD7F-8756264FAACB}.Debug|Any CPU.ActiveCfg = Debug|Any CPU
		{39B66263-551B-4B30-AD7F-8756264FAACB}.Debug|Any CPU.Build.0 = Debug|Any CPU
		{39B66263-551B-4B30-AD7F-8756264FAACB}.Release|Any CPU.ActiveCfg = Release|Any CPU
		{39B66263-551B-4B30-AD7F-8756264FAACB}.Release|Any CPU.Build.0 = Release|Any CPU
	EndGlobalSection
	GlobalSection(SolutionProperties) = preSolution
		HideSolutionNode = FALSE
	EndGlobalSection
	GlobalSection(ExtensibilityGlobals) = postSolution
		SolutionGuid = {5BF11EA4-D10E-43CC-A6EC-9E3E1964D220}
	EndGlobalSection
EndGlobal
